
Microsoft Visual Studio Solution File, Format Version 12.00
# Visual Studio 15
VisualStudioVersion = 15.0.28307.271
MinimumVisualStudioVersion = 10.0.40219.1
Project("{FAE04EC0-301F-11D3-BF4B-00C04F79EFBC}") = "ChartGettingStarted.Android", "ChartGettingStarted\ChartGettingStarted.Android\ChartGettingStarted.Android.csproj", "{DDB44620-FE62-4D98-AA34-EB3A092B69BA}"
EndProject
Project("{FAE04EC0-301F-11D3-BF4B-00C04F79EFBC}") = "ChartGettingStarted.iOS", "ChartGettingStarted\ChartGettingStarted.iOS\ChartGettingStarted.iOS.csproj", "{4388C631-36EB-4C03-AB21-4D16EA7DB7A1}"
EndProject
Project("{FAE04EC0-301F-11D3-BF4B-00C04F79EFBC}") = "ChartGettingStarted.UWP", "ChartGettingStarted\ChartGettingStarted.UWP\ChartGettingStarted.UWP.csproj", "{FF26FA9E-9B2B-45CB-AC9D-15E9715EE584}"
EndProject
Project("{FAE04EC0-301F-11D3-BF4B-00C04F79EFBC}") = "ChartGettingStarted", "ChartGettingStarted\ChartGettingStarted\ChartGettingStarted.csproj", "{EFEE35CD-EB6B-467C-AAE3-E5B2B73FACA1}"
EndProject
Global
	GlobalSection(SolutionConfigurationPlatforms) = preSolution
		Ad-Hoc|Any CPU = Ad-Hoc|Any CPU
		Ad-Hoc|ARM = Ad-Hoc|ARM
		Ad-Hoc|iPhone = Ad-Hoc|iPhone
		Ad-Hoc|iPhoneSimulator = Ad-Hoc|iPhoneSimulator
		Ad-Hoc|x64 = Ad-Hoc|x64
		Ad-Hoc|x86 = Ad-Hoc|x86
		AppStore|Any CPU = AppStore|Any CPU
		AppStore|ARM = AppStore|ARM
		AppStore|iPhone = AppStore|iPhone
		AppStore|iPhoneSimulator = AppStore|iPhoneSimulator
		AppStore|x64 = AppStore|x64
		AppStore|x86 = AppStore|x86
		Debug|Any CPU = Debug|Any CPU
		Debug|ARM = Debug|ARM
		Debug|iPhone = Debug|iPhone
		Debug|iPhoneSimulator = Debug|iPhoneSimulator
		Debug|x64 = Debug|x64
		Debug|x86 = Debug|x86
		Release|Any CPU = Release|Any CPU
		Release|ARM = Release|ARM
		Release|iPhone = Release|iPhone
		Release|iPhoneSimulator = Release|iPhoneSimulator
		Release|x64 = Release|x64
		Release|x86 = Release|x86
	EndGlobalSection
	GlobalSection(ProjectConfigurationPlatforms) = postSolution
		{DDB44620-FE62-4D98-AA34-EB3A092B69BA}.Ad-Hoc|Any CPU.ActiveCfg = Release|Any CPU
		{DDB44620-FE62-4D98-AA34-EB3A092B69BA}.Ad-Hoc|Any CPU.Build.0 = Release|Any CPU
		{DDB44620-FE62-4D98-AA34-EB3A092B69BA}.Ad-Hoc|Any CPU.Deploy.0 = Release|Any CPU
		{DDB44620-FE62-4D98-AA34-EB3A092B69BA}.Ad-Hoc|ARM.ActiveCfg = Release|Any CPU
		{DDB44620-FE62-4D98-AA34-EB3A092B69BA}.Ad-Hoc|ARM.Build.0 = Release|Any CPU
		{DDB44620-FE62-4D98-AA34-EB3A092B69BA}.Ad-Hoc|ARM.Deploy.0 = Release|Any CPU
		{DDB44620-FE62-4D98-AA34-EB3A092B69BA}.Ad-Hoc|iPhone.ActiveCfg = Release|Any CPU
		{DDB44620-FE62-4D98-AA34-EB3A092B69BA}.Ad-Hoc|iPhone.Build.0 = Release|Any CPU
		{DDB44620-FE62-4D98-AA34-EB3A092B69BA}.Ad-Hoc|iPhone.Deploy.0 = Release|Any CPU
		{DDB44620-FE62-4D98-AA34-EB3A092B69BA}.Ad-Hoc|iPhoneSimulator.ActiveCfg = Release|Any CPU
		{DDB44620-FE62-4D98-AA34-EB3A092B69BA}.Ad-Hoc|iPhoneSimulator.Build.0 = Release|Any CPU
		{DDB44620-FE62-4D98-AA34-EB3A092B69BA}.Ad-Hoc|iPhoneSimulator.Deploy.0 = Release|Any CPU
		{DDB44620-FE62-4D98-AA34-EB3A092B69BA}.Ad-Hoc|x64.ActiveCfg = Release|Any CPU
		{DDB44620-FE62-4D98-AA34-EB3A092B69BA}.Ad-Hoc|x64.Build.0 = Release|Any CPU
		{DDB44620-FE62-4D98-AA34-EB3A092B69BA}.Ad-Hoc|x64.Deploy.0 = Release|Any CPU
		{DDB44620-FE62-4D98-AA34-EB3A092B69BA}.Ad-Hoc|x86.ActiveCfg = Release|Any CPU
		{DDB44620-FE62-4D98-AA34-EB3A092B69BA}.Ad-Hoc|x86.Build.0 = Release|Any CPU
		{DDB44620-FE62-4D98-AA34-EB3A092B69BA}.Ad-Hoc|x86.Deploy.0 = Release|Any CPU
		{DDB44620-FE62-4D98-AA34-EB3A092B69BA}.AppStore|Any CPU.ActiveCfg = Release|Any CPU
		{DDB44620-FE62-4D98-AA34-EB3A092B69BA}.AppStore|Any CPU.Build.0 = Release|Any CPU
		{DDB44620-FE62-4D98-AA34-EB3A092B69BA}.AppStore|Any CPU.Deploy.0 = Release|Any CPU
		{DDB44620-FE62-4D98-AA34-EB3A092B69BA}.AppStore|ARM.ActiveCfg = Release|Any CPU
		{DDB44620-FE62-4D98-AA34-EB3A092B69BA}.AppStore|ARM.Build.0 = Release|Any CPU
		{DDB44620-FE62-4D98-AA34-EB3A092B69BA}.AppStore|ARM.Deploy.0 = Release|Any CPU
		{DDB44620-FE62-4D98-AA34-EB3A092B69BA}.AppStore|iPhone.ActiveCfg = Release|Any CPU
		{DDB44620-FE62-4D98-AA34-EB3A092B69BA}.AppStore|iPhone.Build.0 = Release|Any CPU
		{DDB44620-FE62-4D98-AA34-EB3A092B69BA}.AppStore|iPhone.Deploy.0 = Release|Any CPU
		{DDB44620-FE62-4D98-AA34-EB3A092B69BA}.AppStore|iPhoneSimulator.ActiveCfg = Release|Any CPU
		{DDB44620-FE62-4D98-AA34-EB3A092B69BA}.AppStore|iPhoneSimulator.Build.0 = Release|Any CPU
		{DDB44620-FE62-4D98-AA34-EB3A092B69BA}.AppStore|iPhoneSimulator.Deploy.0 = Release|Any CPU
		{DDB44620-FE62-4D98-AA34-EB3A092B69BA}.AppStore|x64.ActiveCfg = Release|Any CPU
		{DDB44620-FE62-4D98-AA34-EB3A092B69BA}.AppStore|x64.Build.0 = Release|Any CPU
		{DDB44620-FE62-4D98-AA34-EB3A092B69BA}.AppStore|x64.Deploy.0 = Release|Any CPU
		{DDB44620-FE62-4D98-AA34-EB3A092B69BA}.AppStore|x86.ActiveCfg = Release|Any CPU
		{DDB44620-FE62-4D98-AA34-EB3A092B69BA}.AppStore|x86.Build.0 = Release|Any CPU
		{DDB44620-FE62-4D98-AA34-EB3A092B69BA}.AppStore|x86.Deploy.0 = Release|Any CPU
		{DDB44620-FE62-4D98-AA34-EB3A092B69BA}.Debug|Any CPU.ActiveCfg = Debug|Any CPU
		{DDB44620-FE62-4D98-AA34-EB3A092B69BA}.Debug|Any CPU.Build.0 = Debug|Any CPU
		{DDB44620-FE62-4D98-AA34-EB3A092B69BA}.Debug|Any CPU.Deploy.0 = Debug|Any CPU
		{DDB44620-FE62-4D98-AA34-EB3A092B69BA}.Debug|ARM.ActiveCfg = Debug|Any CPU
		{DDB44620-FE62-4D98-AA34-EB3A092B69BA}.Debug|ARM.Build.0 = Debug|Any CPU
		{DDB44620-FE62-4D98-AA34-EB3A092B69BA}.Debug|ARM.Deploy.0 = Debug|Any CPU
		{DDB44620-FE62-4D98-AA34-EB3A092B69BA}.Debug|iPhone.ActiveCfg = Debug|Any CPU
		{DDB44620-FE62-4D98-AA34-EB3A092B69BA}.Debug|iPhone.Build.0 = Debug|Any CPU
		{DDB44620-FE62-4D98-AA34-EB3A092B69BA}.Debug|iPhone.Deploy.0 = Debug|Any CPU
		{DDB44620-FE62-4D98-AA34-EB3A092B69BA}.Debug|iPhoneSimulator.ActiveCfg = Debug|Any CPU
		{DDB44620-FE62-4D98-AA34-EB3A092B69BA}.Debug|iPhoneSimulator.Build.0 = Debug|Any CPU
		{DDB44620-FE62-4D98-AA34-EB3A092B69BA}.Debug|iPhoneSimulator.Deploy.0 = Debug|Any CPU
		{DDB44620-FE62-4D98-AA34-EB3A092B69BA}.Debug|x64.ActiveCfg = Debug|Any CPU
		{DDB44620-FE62-4D98-AA34-EB3A092B69BA}.Debug|x64.Build.0 = Debug|Any CPU
		{DDB44620-FE62-4D98-AA34-EB3A092B69BA}.Debug|x64.Deploy.0 = Debug|Any CPU
		{DDB44620-FE62-4D98-AA34-EB3A092B69BA}.Debug|x86.ActiveCfg = Debug|Any CPU
		{DDB44620-FE62-4D98-AA34-EB3A092B69BA}.Debug|x86.Build.0 = Debug|Any CPU
		{DDB44620-FE62-4D98-AA34-EB3A092B69BA}.Debug|x86.Deploy.0 = Debug|Any CPU
		{DDB44620-FE62-4D98-AA34-EB3A092B69BA}.Release|Any CPU.ActiveCfg = Release|Any CPU
		{DDB44620-FE62-4D98-AA34-EB3A092B69BA}.Release|Any CPU.Build.0 = Release|Any CPU
		{DDB44620-FE62-4D98-AA34-EB3A092B69BA}.Release|Any CPU.Deploy.0 = Release|Any CPU
		{DDB44620-FE62-4D98-AA34-EB3A092B69BA}.Release|ARM.ActiveCfg = Release|Any CPU
		{DDB44620-FE62-4D98-AA34-EB3A092B69BA}.Release|ARM.Build.0 = Release|Any CPU
		{DDB44620-FE62-4D98-AA34-EB3A092B69BA}.Release|ARM.Deploy.0 = Release|Any CPU
		{DDB44620-FE62-4D98-AA34-EB3A092B69BA}.Release|iPhone.ActiveCfg = Release|Any CPU
		{DDB44620-FE62-4D98-AA34-EB3A092B69BA}.Release|iPhone.Build.0 = Release|Any CPU
		{DDB44620-FE62-4D98-AA34-EB3A092B69BA}.Release|iPhone.Deploy.0 = Release|Any CPU
		{DDB44620-FE62-4D98-AA34-EB3A092B69BA}.Release|iPhoneSimulator.ActiveCfg = Release|Any CPU
		{DDB44620-FE62-4D98-AA34-EB3A092B69BA}.Release|iPhoneSimulator.Build.0 = Release|Any CPU
		{DDB44620-FE62-4D98-AA34-EB3A092B69BA}.Release|iPhoneSimulator.Deploy.0 = Release|Any CPU
		{DDB44620-FE62-4D98-AA34-EB3A092B69BA}.Release|x64.ActiveCfg = Release|Any CPU
		{DDB44620-FE62-4D98-AA34-EB3A092B69BA}.Release|x64.Build.0 = Release|Any CPU
		{DDB44620-FE62-4D98-AA34-EB3A092B69BA}.Release|x64.Deploy.0 = Release|Any CPU
		{DDB44620-FE62-4D98-AA34-EB3A092B69BA}.Release|x86.ActiveCfg = Release|Any CPU
		{DDB44620-FE62-4D98-AA34-EB3A092B69BA}.Release|x86.Build.0 = Release|Any CPU
		{DDB44620-FE62-4D98-AA34-EB3A092B69BA}.Release|x86.Deploy.0 = Release|Any CPU
		{4388C631-36EB-4C03-AB21-4D16EA7DB7A1}.Ad-Hoc|Any CPU.ActiveCfg = Ad-Hoc|iPhone
		{4388C631-36EB-4C03-AB21-4D16EA7DB7A1}.Ad-Hoc|Any CPU.Build.0 = Ad-Hoc|iPhone
		{4388C631-36EB-4C03-AB21-4D16EA7DB7A1}.Ad-Hoc|Any CPU.Deploy.0 = Ad-Hoc|iPhone
		{4388C631-36EB-4C03-AB21-4D16EA7DB7A1}.Ad-Hoc|ARM.ActiveCfg = Ad-Hoc|iPhone
		{4388C631-36EB-4C03-AB21-4D16EA7DB7A1}.Ad-Hoc|ARM.Build.0 = Ad-Hoc|iPhone
		{4388C631-36EB-4C03-AB21-4D16EA7DB7A1}.Ad-Hoc|ARM.Deploy.0 = Ad-Hoc|iPhone
		{4388C631-36EB-4C03-AB21-4D16EA7DB7A1}.Ad-Hoc|iPhone.ActiveCfg = Ad-Hoc|iPhone
		{4388C631-36EB-4C03-AB21-4D16EA7DB7A1}.Ad-Hoc|iPhone.Build.0 = Ad-Hoc|iPhone
		{4388C631-36EB-4C03-AB21-4D16EA7DB7A1}.Ad-Hoc|iPhone.Deploy.0 = Ad-Hoc|iPhone
		{4388C631-36EB-4C03-AB21-4D16EA7DB7A1}.Ad-Hoc|iPhoneSimulator.ActiveCfg = Ad-Hoc|iPhoneSimulator
		{4388C631-36EB-4C03-AB21-4D16EA7DB7A1}.Ad-Hoc|iPhoneSimulator.Build.0 = Ad-Hoc|iPhoneSimulator
		{4388C631-36EB-4C03-AB21-4D16EA7DB7A1}.Ad-Hoc|iPhoneSimulator.Deploy.0 = Ad-Hoc|iPhoneSimulator
		{4388C631-36EB-4C03-AB21-4D16EA7DB7A1}.Ad-Hoc|x64.ActiveCfg = Ad-Hoc|iPhone
		{4388C631-36EB-4C03-AB21-4D16EA7DB7A1}.Ad-Hoc|x64.Build.0 = Ad-Hoc|iPhone
		{4388C631-36EB-4C03-AB21-4D16EA7DB7A1}.Ad-Hoc|x64.Deploy.0 = Ad-Hoc|iPhone
		{4388C631-36EB-4C03-AB21-4D16EA7DB7A1}.Ad-Hoc|x86.ActiveCfg = Ad-Hoc|iPhone
		{4388C631-36EB-4C03-AB21-4D16EA7DB7A1}.Ad-Hoc|x86.Build.0 = Ad-Hoc|iPhone
		{4388C631-36EB-4C03-AB21-4D16EA7DB7A1}.Ad-Hoc|x86.Deploy.0 = Ad-Hoc|iPhone
		{4388C631-36EB-4C03-AB21-4D16EA7DB7A1}.AppStore|Any CPU.ActiveCfg = AppStore|iPhone
		{4388C631-36EB-4C03-AB21-4D16EA7DB7A1}.AppStore|Any CPU.Build.0 = AppStore|iPhone
		{4388C631-36EB-4C03-AB21-4D16EA7DB7A1}.AppStore|Any CPU.Deploy.0 = AppStore|iPhone
		{4388C631-36EB-4C03-AB21-4D16EA7DB7A1}.AppStore|ARM.ActiveCfg = AppStore|iPhone
		{4388C631-36EB-4C03-AB21-4D16EA7DB7A1}.AppStore|ARM.Build.0 = AppStore|iPhone
		{4388C631-36EB-4C03-AB21-4D16EA7DB7A1}.AppStore|ARM.Deploy.0 = AppStore|iPhone
		{4388C631-36EB-4C03-AB21-4D16EA7DB7A1}.AppStore|iPhone.ActiveCfg = AppStore|iPhone
		{4388C631-36EB-4C03-AB21-4D16EA7DB7A1}.AppStore|iPhone.Build.0 = AppStore|iPhone
		{4388C631-36EB-4C03-AB21-4D16EA7DB7A1}.AppStore|iPhone.Deploy.0 = AppStore|iPhone
		{4388C631-36EB-4C03-AB21-4D16EA7DB7A1}.AppStore|iPhoneSimulator.ActiveCfg = AppStore|iPhoneSimulator
		{4388C631-36EB-4C03-AB21-4D16EA7DB7A1}.AppStore|iPhoneSimulator.Build.0 = AppStore|iPhoneSimulator
		{4388C631-36EB-4C03-AB21-4D16EA7DB7A1}.AppStore|iPhoneSimulator.Deploy.0 = AppStore|iPhoneSimulator
		{4388C631-36EB-4C03-AB21-4D16EA7DB7A1}.AppStore|x64.ActiveCfg = AppStore|iPhone
		{4388C631-36EB-4C03-AB21-4D16EA7DB7A1}.AppStore|x64.Build.0 = AppStore|iPhone
		{4388C631-36EB-4C03-AB21-4D16EA7DB7A1}.AppStore|x64.Deploy.0 = AppStore|iPhone
		{4388C631-36EB-4C03-AB21-4D16EA7DB7A1}.AppStore|x86.ActiveCfg = AppStore|iPhone
		{4388C631-36EB-4C03-AB21-4D16EA7DB7A1}.AppStore|x86.Build.0 = AppStore|iPhone
		{4388C631-36EB-4C03-AB21-4D16EA7DB7A1}.AppStore|x86.Deploy.0 = AppStore|iPhone
		{4388C631-36EB-4C03-AB21-4D16EA7DB7A1}.Debug|Any CPU.ActiveCfg = Debug|iPhoneSimulator
		{4388C631-36EB-4C03-AB21-4D16EA7DB7A1}.Debug|Any CPU.Build.0 = Debug|iPhoneSimulator
		{4388C631-36EB-4C03-AB21-4D16EA7DB7A1}.Debug|Any CPU.Deploy.0 = Debug|iPhoneSimulator
		{4388C631-36EB-4C03-AB21-4D16EA7DB7A1}.Debug|ARM.ActiveCfg = Debug|iPhone
		{4388C631-36EB-4C03-AB21-4D16EA7DB7A1}.Debug|ARM.Build.0 = Debug|iPhone
		{4388C631-36EB-4C03-AB21-4D16EA7DB7A1}.Debug|ARM.Deploy.0 = Debug|iPhone
		{4388C631-36EB-4C03-AB21-4D16EA7DB7A1}.Debug|iPhone.ActiveCfg = Debug|iPhone
		{4388C631-36EB-4C03-AB21-4D16EA7DB7A1}.Debug|iPhone.Build.0 = Debug|iPhone
		{4388C631-36EB-4C03-AB21-4D16EA7DB7A1}.Debug|iPhone.Deploy.0 = Debug|iPhone
		{4388C631-36EB-4C03-AB21-4D16EA7DB7A1}.Debug|iPhoneSimulator.ActiveCfg = Debug|iPhoneSimulator
		{4388C631-36EB-4C03-AB21-4D16EA7DB7A1}.Debug|iPhoneSimulator.Build.0 = Debug|iPhoneSimulator
		{4388C631-36EB-4C03-AB21-4D16EA7DB7A1}.Debug|iPhoneSimulator.Deploy.0 = Debug|iPhoneSimulator
		{4388C631-36EB-4C03-AB21-4D16EA7DB7A1}.Debug|x64.ActiveCfg = Debug|iPhone
		{4388C631-36EB-4C03-AB21-4D16EA7DB7A1}.Debug|x64.Build.0 = Debug|iPhone
		{4388C631-36EB-4C03-AB21-4D16EA7DB7A1}.Debug|x64.Deploy.0 = Debug|iPhone
		{4388C631-36EB-4C03-AB21-4D16EA7DB7A1}.Debug|x86.ActiveCfg = Debug|iPhone
		{4388C631-36EB-4C03-AB21-4D16EA7DB7A1}.Debug|x86.Build.0 = Debug|iPhone
		{4388C631-36EB-4C03-AB21-4D16EA7DB7A1}.Debug|x86.Deploy.0 = Debug|iPhone
		{4388C631-36EB-4C03-AB21-4D16EA7DB7A1}.Release|Any CPU.ActiveCfg = Release|iPhone
		{4388C631-36EB-4C03-AB21-4D16EA7DB7A1}.Release|Any CPU.Build.0 = Release|iPhone
		{4388C631-36EB-4C03-AB21-4D16EA7DB7A1}.Release|Any CPU.Deploy.0 = Release|iPhone
		{4388C631-36EB-4C03-AB21-4D16EA7DB7A1}.Release|ARM.ActiveCfg = Release|iPhone
		{4388C631-36EB-4C03-AB21-4D16EA7DB7A1}.Release|ARM.Build.0 = Release|iPhone
		{4388C631-36EB-4C03-AB21-4D16EA7DB7A1}.Release|ARM.Deploy.0 = Release|iPhone
		{4388C631-36EB-4C03-AB21-4D16EA7DB7A1}.Release|iPhone.ActiveCfg = Release|iPhone
		{4388C631-36EB-4C03-AB21-4D16EA7DB7A1}.Release|iPhone.Build.0 = Release|iPhone
		{4388C631-36EB-4C03-AB21-4D16EA7DB7A1}.Release|iPhone.Deploy.0 = Release|iPhone
		{4388C631-36EB-4C03-AB21-4D16EA7DB7A1}.Release|iPhoneSimulator.ActiveCfg = Release|iPhoneSimulator
		{4388C631-36EB-4C03-AB21-4D16EA7DB7A1}.Release|iPhoneSimulator.Build.0 = Release|iPhoneSimulator
		{4388C631-36EB-4C03-AB21-4D16EA7DB7A1}.Release|iPhoneSimulator.Deploy.0 = Release|iPhoneSimulator
		{4388C631-36EB-4C03-AB21-4D16EA7DB7A1}.Release|x64.ActiveCfg = Release|iPhone
		{4388C631-36EB-4C03-AB21-4D16EA7DB7A1}.Release|x64.Build.0 = Release|iPhone
		{4388C631-36EB-4C03-AB21-4D16EA7DB7A1}.Release|x64.Deploy.0 = Release|iPhone
		{4388C631-36EB-4C03-AB21-4D16EA7DB7A1}.Release|x86.ActiveCfg = Release|iPhone
		{4388C631-36EB-4C03-AB21-4D16EA7DB7A1}.Release|x86.Build.0 = Release|iPhone
		{4388C631-36EB-4C03-AB21-4D16EA7DB7A1}.Release|x86.Deploy.0 = Release|iPhone
		{FF26FA9E-9B2B-45CB-AC9D-15E9715EE584}.Ad-Hoc|Any CPU.ActiveCfg = Release|x86
		{FF26FA9E-9B2B-45CB-AC9D-15E9715EE584}.Ad-Hoc|Any CPU.Build.0 = Release|x86
		{FF26FA9E-9B2B-45CB-AC9D-15E9715EE584}.Ad-Hoc|Any CPU.Deploy.0 = Release|x86
		{FF26FA9E-9B2B-45CB-AC9D-15E9715EE584}.Ad-Hoc|ARM.ActiveCfg = Release|ARM
		{FF26FA9E-9B2B-45CB-AC9D-15E9715EE584}.Ad-Hoc|ARM.Build.0 = Release|ARM
		{FF26FA9E-9B2B-45CB-AC9D-15E9715EE584}.Ad-Hoc|ARM.Deploy.0 = Release|ARM
		{FF26FA9E-9B2B-45CB-AC9D-15E9715EE584}.Ad-Hoc|iPhone.ActiveCfg = Release|x86
		{FF26FA9E-9B2B-45CB-AC9D-15E9715EE584}.Ad-Hoc|iPhone.Build.0 = Release|x86
		{FF26FA9E-9B2B-45CB-AC9D-15E9715EE584}.Ad-Hoc|iPhone.Deploy.0 = Release|x86
		{FF26FA9E-9B2B-45CB-AC9D-15E9715EE584}.Ad-Hoc|iPhoneSimulator.ActiveCfg = Release|x86
		{FF26FA9E-9B2B-45CB-AC9D-15E9715EE584}.Ad-Hoc|iPhoneSimulator.Build.0 = Release|x86
		{FF26FA9E-9B2B-45CB-AC9D-15E9715EE584}.Ad-Hoc|iPhoneSimulator.Deploy.0 = Release|x86
		{FF26FA9E-9B2B-45CB-AC9D-15E9715EE584}.Ad-Hoc|x64.ActiveCfg = Release|x64
		{FF26FA9E-9B2B-45CB-AC9D-15E9715EE584}.Ad-Hoc|x64.Build.0 = Release|x64
		{FF26FA9E-9B2B-45CB-AC9D-15E9715EE584}.Ad-Hoc|x64.Deploy.0 = Release|x64
		{FF26FA9E-9B2B-45CB-AC9D-15E9715EE584}.Ad-Hoc|x86.ActiveCfg = Release|x86
		{FF26FA9E-9B2B-45CB-AC9D-15E9715EE584}.Ad-Hoc|x86.Build.0 = Release|x86
		{FF26FA9E-9B2B-45CB-AC9D-15E9715EE584}.Ad-Hoc|x86.Deploy.0 = Release|x86
		{FF26FA9E-9B2B-45CB-AC9D-15E9715EE584}.AppStore|Any CPU.ActiveCfg = Release|x86
		{FF26FA9E-9B2B-45CB-AC9D-15E9715EE584}.AppStore|Any CPU.Build.0 = Release|x86
		{FF26FA9E-9B2B-45CB-AC9D-15E9715EE584}.AppStore|Any CPU.Deploy.0 = Release|x86
		{FF26FA9E-9B2B-45CB-AC9D-15E9715EE584}.AppStore|ARM.ActiveCfg = Release|ARM
		{FF26FA9E-9B2B-45CB-AC9D-15E9715EE584}.AppStore|ARM.Build.0 = Release|ARM
		{FF26FA9E-9B2B-45CB-AC9D-15E9715EE584}.AppStore|ARM.Deploy.0 = Release|ARM
		{FF26FA9E-9B2B-45CB-AC9D-15E9715EE584}.AppStore|iPhone.ActiveCfg = Release|x86
		{FF26FA9E-9B2B-45CB-AC9D-15E9715EE584}.AppStore|iPhone.Build.0 = Release|x86
		{FF26FA9E-9B2B-45CB-AC9D-15E9715EE584}.AppStore|iPhone.Deploy.0 = Release|x86
		{FF26FA9E-9B2B-45CB-AC9D-15E9715EE584}.AppStore|iPhoneSimulator.ActiveCfg = Release|x86
		{FF26FA9E-9B2B-45CB-AC9D-15E9715EE584}.AppStore|iPhoneSimulator.Build.0 = Release|x86
		{FF26FA9E-9B2B-45CB-AC9D-15E9715EE584}.AppStore|iPhoneSimulator.Deploy.0 = Release|x86
		{FF26FA9E-9B2B-45CB-AC9D-15E9715EE584}.AppStore|x64.ActiveCfg = Release|x64
		{FF26FA9E-9B2B-45CB-AC9D-15E9715EE584}.AppStore|x64.Build.0 = Release|x64
		{FF26FA9E-9B2B-45CB-AC9D-15E9715EE584}.AppStore|x64.Deploy.0 = Release|x64
		{FF26FA9E-9B2B-45CB-AC9D-15E9715EE584}.AppStore|x86.ActiveCfg = Release|x86
		{FF26FA9E-9B2B-45CB-AC9D-15E9715EE584}.AppStore|x86.Build.0 = Release|x86
		{FF26FA9E-9B2B-45CB-AC9D-15E9715EE584}.AppStore|x86.Deploy.0 = Release|x86
		{FF26FA9E-9B2B-45CB-AC9D-15E9715EE584}.Debug|Any CPU.ActiveCfg = Debug|x86
		{FF26FA9E-9B2B-45CB-AC9D-15E9715EE584}.Debug|Any CPU.Build.0 = Debug|x86
		{FF26FA9E-9B2B-45CB-AC9D-15E9715EE584}.Debug|Any CPU.Deploy.0 = Debug|x86
		{FF26FA9E-9B2B-45CB-AC9D-15E9715EE584}.Debug|ARM.ActiveCfg = Debug|ARM
		{FF26FA9E-9B2B-45CB-AC9D-15E9715EE584}.Debug|ARM.Build.0 = Debug|ARM
		{FF26FA9E-9B2B-45CB-AC9D-15E9715EE584}.Debug|ARM.Deploy.0 = Debug|ARM
		{FF26FA9E-9B2B-45CB-AC9D-15E9715EE584}.Debug|iPhone.ActiveCfg = Debug|x86
		{FF26FA9E-9B2B-45CB-AC9D-15E9715EE584}.Debug|iPhone.Build.0 = Debug|x86
		{FF26FA9E-9B2B-45CB-AC9D-15E9715EE584}.Debug|iPhone.Deploy.0 = Debug|x86
		{FF26FA9E-9B2B-45CB-AC9D-15E9715EE584}.Debug|iPhoneSimulator.ActiveCfg = Debug|x86
		{FF26FA9E-9B2B-45CB-AC9D-15E9715EE584}.Debug|iPhoneSimulator.Build.0 = Debug|x86
		{FF26FA9E-9B2B-45CB-AC9D-15E9715EE584}.Debug|iPhoneSimulator.Deploy.0 = Debug|x86
		{FF26FA9E-9B2B-45CB-AC9D-15E9715EE584}.Debug|x64.ActiveCfg = Debug|x64
		{FF26FA9E-9B2B-45CB-AC9D-15E9715EE584}.Debug|x64.Build.0 = Debug|x64
		{FF26FA9E-9B2B-45CB-AC9D-15E9715EE584}.Debug|x64.Deploy.0 = Debug|x64
		{FF26FA9E-9B2B-45CB-AC9D-15E9715EE584}.Debug|x86.ActiveCfg = Debug|x86
		{FF26FA9E-9B2B-45CB-AC9D-15E9715EE584}.Debug|x86.Build.0 = Debug|x86
		{FF26FA9E-9B2B-45CB-AC9D-15E9715EE584}.Debug|x86.Deploy.0 = Debug|x86
		{FF26FA9E-9B2B-45CB-AC9D-15E9715EE584}.Release|Any CPU.ActiveCfg = Release|x86
		{FF26FA9E-9B2B-45CB-AC9D-15E9715EE584}.Release|Any CPU.Build.0 = Release|x86
		{FF26FA9E-9B2B-45CB-AC9D-15E9715EE584}.Release|Any CPU.Deploy.0 = Release|x86
		{FF26FA9E-9B2B-45CB-AC9D-15E9715EE584}.Release|ARM.ActiveCfg = Release|ARM
		{FF26FA9E-9B2B-45CB-AC9D-15E9715EE584}.Release|ARM.Build.0 = Release|ARM
		{FF26FA9E-9B2B-45CB-AC9D-15E9715EE584}.Release|ARM.Deploy.0 = Release|ARM
		{FF26FA9E-9B2B-45CB-AC9D-15E9715EE584}.Release|iPhone.ActiveCfg = Release|x86
		{FF26FA9E-9B2B-45CB-AC9D-15E9715EE584}.Release|iPhone.Build.0 = Release|x86
		{FF26FA9E-9B2B-45CB-AC9D-15E9715EE584}.Release|iPhone.Deploy.0 = Release|x86
		{FF26FA9E-9B2B-45CB-AC9D-15E9715EE584}.Release|iPhoneSimulator.ActiveCfg = Release|x86
		{FF26FA9E-9B2B-45CB-AC9D-15E9715EE584}.Release|iPhoneSimulator.Build.0 = Release|x86
		{FF26FA9E-9B2B-45CB-AC9D-15E9715EE584}.Release|iPhoneSimulator.Deploy.0 = Release|x86
		{FF26FA9E-9B2B-45CB-AC9D-15E9715EE584}.Release|x64.ActiveCfg = Release|x64
		{FF26FA9E-9B2B-45CB-AC9D-15E9715EE584}.Release|x64.Build.0 = Release|x64
		{FF26FA9E-9B2B-45CB-AC9D-15E9715EE584}.Release|x64.Deploy.0 = Release|x64
		{FF26FA9E-9B2B-45CB-AC9D-15E9715EE584}.Release|x86.ActiveCfg = Release|x86
		{FF26FA9E-9B2B-45CB-AC9D-15E9715EE584}.Release|x86.Build.0 = Release|x86
		{FF26FA9E-9B2B-45CB-AC9D-15E9715EE584}.Release|x86.Deploy.0 = Release|x86
		{EFEE35CD-EB6B-467C-AAE3-E5B2B73FACA1}.Ad-Hoc|Any CPU.ActiveCfg = Debug|Any CPU
		{EFEE35CD-EB6B-467C-AAE3-E5B2B73FACA1}.Ad-Hoc|Any CPU.Build.0 = Debug|Any CPU
		{EFEE35CD-EB6B-467C-AAE3-E5B2B73FACA1}.Ad-Hoc|Any CPU.Deploy.0 = Debug|Any CPU
		{EFEE35CD-EB6B-467C-AAE3-E5B2B73FACA1}.Ad-Hoc|ARM.ActiveCfg = Debug|Any CPU
		{EFEE35CD-EB6B-467C-AAE3-E5B2B73FACA1}.Ad-Hoc|ARM.Build.0 = Debug|Any CPU
		{EFEE35CD-EB6B-467C-AAE3-E5B2B73FACA1}.Ad-Hoc|ARM.Deploy.0 = Debug|Any CPU
		{EFEE35CD-EB6B-467C-AAE3-E5B2B73FACA1}.Ad-Hoc|iPhone.ActiveCfg = Debug|Any CPU
		{EFEE35CD-EB6B-467C-AAE3-E5B2B73FACA1}.Ad-Hoc|iPhone.Build.0 = Debug|Any CPU
		{EFEE35CD-EB6B-467C-AAE3-E5B2B73FACA1}.Ad-Hoc|iPhone.Deploy.0 = Debug|Any CPU
		{EFEE35CD-EB6B-467C-AAE3-E5B2B73FACA1}.Ad-Hoc|iPhoneSimulator.ActiveCfg = Debug|Any CPU
		{EFEE35CD-EB6B-467C-AAE3-E5B2B73FACA1}.Ad-Hoc|iPhoneSimulator.Build.0 = Debug|Any CPU
		{EFEE35CD-EB6B-467C-AAE3-E5B2B73FACA1}.Ad-Hoc|iPhoneSimulator.Deploy.0 = Debug|Any CPU
		{EFEE35CD-EB6B-467C-AAE3-E5B2B73FACA1}.Ad-Hoc|x64.ActiveCfg = Debug|Any CPU
		{EFEE35CD-EB6B-467C-AAE3-E5B2B73FACA1}.Ad-Hoc|x64.Build.0 = Debug|Any CPU
		{EFEE35CD-EB6B-467C-AAE3-E5B2B73FACA1}.Ad-Hoc|x64.Deploy.0 = Debug|Any CPU
		{EFEE35CD-EB6B-467C-AAE3-E5B2B73FACA1}.Ad-Hoc|x86.ActiveCfg = Debug|Any CPU
		{EFEE35CD-EB6B-467C-AAE3-E5B2B73FACA1}.Ad-Hoc|x86.Build.0 = Debug|Any CPU
		{EFEE35CD-EB6B-467C-AAE3-E5B2B73FACA1}.Ad-Hoc|x86.Deploy.0 = Debug|Any CPU
		{EFEE35CD-EB6B-467C-AAE3-E5B2B73FACA1}.AppStore|Any CPU.ActiveCfg = Debug|Any CPU
		{EFEE35CD-EB6B-467C-AAE3-E5B2B73FACA1}.AppStore|Any CPU.Build.0 = Debug|Any CPU
		{EFEE35CD-EB6B-467C-AAE3-E5B2B73FACA1}.AppStore|Any CPU.Deploy.0 = Debug|Any CPU
		{EFEE35CD-EB6B-467C-AAE3-E5B2B73FACA1}.AppStore|ARM.ActiveCfg = Debug|Any CPU
		{EFEE35CD-EB6B-467C-AAE3-E5B2B73FACA1}.AppStore|ARM.Build.0 = Debug|Any CPU
		{EFEE35CD-EB6B-467C-AAE3-E5B2B73FACA1}.AppStore|ARM.Deploy.0 = Debug|Any CPU
		{EFEE35CD-EB6B-467C-AAE3-E5B2B73FACA1}.AppStore|iPhone.ActiveCfg = Debug|Any CPU
		{EFEE35CD-EB6B-467C-AAE3-E5B2B73FACA1}.AppStore|iPhone.Build.0 = Debug|Any CPU
		{EFEE35CD-EB6B-467C-AAE3-E5B2B73FACA1}.AppStore|iPhone.Deploy.0 = Debug|Any CPU
		{EFEE35CD-EB6B-467C-AAE3-E5B2B73FACA1}.AppStore|iPhoneSimulator.ActiveCfg = Debug|Any CPU
		{EFEE35CD-EB6B-467C-AAE3-E5B2B73FACA1}.AppStore|iPhoneSimulator.Build.0 = Debug|Any CPU
		{EFEE35CD-EB6B-467C-AAE3-E5B2B73FACA1}.AppStore|iPhoneSimulator.Deploy.0 = Debug|Any CPU
		{EFEE35CD-EB6B-467C-AAE3-E5B2B73FACA1}.AppStore|x64.ActiveCfg = Debug|Any CPU
		{EFEE35CD-EB6B-467C-AAE3-E5B2B73FACA1}.AppStore|x64.Build.0 = Debug|Any CPU
		{EFEE35CD-EB6B-467C-AAE3-E5B2B73FACA1}.AppStore|x64.Deploy.0 = Debug|Any CPU
		{EFEE35CD-EB6B-467C-AAE3-E5B2B73FACA1}.AppStore|x86.ActiveCfg = Debug|Any CPU
		{EFEE35CD-EB6B-467C-AAE3-E5B2B73FACA1}.AppStore|x86.Build.0 = Debug|Any CPU
		{EFEE35CD-EB6B-467C-AAE3-E5B2B73FACA1}.AppStore|x86.Deploy.0 = Debug|Any CPU
		{EFEE35CD-EB6B-467C-AAE3-E5B2B73FACA1}.Debug|Any CPU.ActiveCfg = Debug|Any CPU
		{EFEE35CD-EB6B-467C-AAE3-E5B2B73FACA1}.Debug|Any CPU.Build.0 = Debug|Any CPU
		{EFEE35CD-EB6B-467C-AAE3-E5B2B73FACA1}.Debug|Any CPU.Deploy.0 = Debug|Any CPU
		{EFEE35CD-EB6B-467C-AAE3-E5B2B73FACA1}.Debug|ARM.ActiveCfg = Debug|Any CPU
		{EFEE35CD-EB6B-467C-AAE3-E5B2B73FACA1}.Debug|ARM.Build.0 = Debug|Any CPU
		{EFEE35CD-EB6B-467C-AAE3-E5B2B73FACA1}.Debug|ARM.Deploy.0 = Debug|Any CPU
		{EFEE35CD-EB6B-467C-AAE3-E5B2B73FACA1}.Debug|iPhone.ActiveCfg = Debug|Any CPU
		{EFEE35CD-EB6B-467C-AAE3-E5B2B73FACA1}.Debug|iPhone.Build.0 = Debug|Any CPU
		{EFEE35CD-EB6B-467C-AAE3-E5B2B73FACA1}.Debug|iPhone.Deploy.0 = Debug|Any CPU
		{EFEE35CD-EB6B-467C-AAE3-E5B2B73FACA1}.Debug|iPhoneSimulator.ActiveCfg = Debug|Any CPU
		{EFEE35CD-EB6B-467C-AAE3-E5B2B73FACA1}.Debug|iPhoneSimulator.Build.0 = Debug|Any CPU
		{EFEE35CD-EB6B-467C-AAE3-E5B2B73FACA1}.Debug|iPhoneSimulator.Deploy.0 = Debug|Any CPU
		{EFEE35CD-EB6B-467C-AAE3-E5B2B73FACA1}.Debug|x64.ActiveCfg = Debug|Any CPU
		{EFEE35CD-EB6B-467C-AAE3-E5B2B73FACA1}.Debug|x64.Build.0 = Debug|Any CPU
		{EFEE35CD-EB6B-467C-AAE3-E5B2B73FACA1}.Debug|x64.Deploy.0 = Debug|Any CPU
		{EFEE35CD-EB6B-467C-AAE3-E5B2B73FACA1}.Debug|x86.ActiveCfg = Debug|Any CPU
		{EFEE35CD-EB6B-467C-AAE3-E5B2B73FACA1}.Debug|x86.Build.0 = Debug|Any CPU
		{EFEE35CD-EB6B-467C-AAE3-E5B2B73FACA1}.Debug|x86.Deploy.0 = Debug|Any CPU
		{EFEE35CD-EB6B-467C-AAE3-E5B2B73FACA1}.Release|Any CPU.ActiveCfg = Release|Any CPU
		{EFEE35CD-EB6B-467C-AAE3-E5B2B73FACA1}.Release|Any CPU.Build.0 = Release|Any CPU
		{EFEE35CD-EB6B-467C-AAE3-E5B2B73FACA1}.Release|Any CPU.Deploy.0 = Release|Any CPU
		{EFEE35CD-EB6B-467C-AAE3-E5B2B73FACA1}.Release|ARM.ActiveCfg = Release|Any CPU
		{EFEE35CD-EB6B-467C-AAE3-E5B2B73FACA1}.Release|ARM.Build.0 = Release|Any CPU
		{EFEE35CD-EB6B-467C-AAE3-E5B2B73FACA1}.Release|ARM.Deploy.0 = Release|Any CPU
		{EFEE35CD-EB6B-467C-AAE3-E5B2B73FACA1}.Release|iPhone.ActiveCfg = Release|Any CPU
		{EFEE35CD-EB6B-467C-AAE3-E5B2B73FACA1}.Release|iPhone.Build.0 = Release|Any CPU
		{EFEE35CD-EB6B-467C-AAE3-E5B2B73FACA1}.Release|iPhone.Deploy.0 = Release|Any CPU
		{EFEE35CD-EB6B-467C-AAE3-E5B2B73FACA1}.Release|iPhoneSimulator.ActiveCfg = Release|Any CPU
		{EFEE35CD-EB6B-467C-AAE3-E5B2B73FACA1}.Release|iPhoneSimulator.Build.0 = Release|Any CPU
		{EFEE35CD-EB6B-467C-AAE3-E5B2B73FACA1}.Release|iPhoneSimulator.Deploy.0 = Release|Any CPU
		{EFEE35CD-EB6B-467C-AAE3-E5B2B73FACA1}.Release|x64.ActiveCfg = Release|Any CPU
		{EFEE35CD-EB6B-467C-AAE3-E5B2B73FACA1}.Release|x64.Build.0 = Release|Any CPU
		{EFEE35CD-EB6B-467C-AAE3-E5B2B73FACA1}.Release|x64.Deploy.0 = Release|Any CPU
		{EFEE35CD-EB6B-467C-AAE3-E5B2B73FACA1}.Release|x86.ActiveCfg = Release|Any CPU
		{EFEE35CD-EB6B-467C-AAE3-E5B2B73FACA1}.Release|x86.Build.0 = Release|Any CPU
		{EFEE35CD-EB6B-467C-AAE3-E5B2B73FACA1}.Release|x86.Deploy.0 = Release|Any CPU
	EndGlobalSection
	GlobalSection(SolutionProperties) = preSolution
		HideSolutionNode = FALSE
	EndGlobalSection
	GlobalSection(ExtensibilityGlobals) = postSolution
		SolutionGuid = {127F8247-9810-4E31-928C-9E2B38736015}
	EndGlobalSection
EndGlobal
